
Microsoft Visual Studio Solution File, Format Version 12.00
# Visual Studio Version 17
VisualStudioVersion = 17.3.32825.248
MinimumVisualStudioVersion = 10.0.40219.1
Project("{FAE04EC0-301F-11D3-BF4B-00C04F79EFBC}") = "CoursesWebsite", "CoursesWebsite\CoursesWebsite.csproj", "{53A254D4-DC4A-4B08-A5A8-C8AA5D4FDE0E}"
EndProject
Global
	GlobalSection(SolutionConfigurationPlatforms) = preSolution
		Debug|Any CPU = Debug|Any CPU
		Release|Any CPU = Release|Any CPU
	EndGlobalSection
	GlobalSection(ProjectConfigurationPlatforms) = postSolution
		{53A254D4-DC4A-4B08-A5A8-C8AA5D4FDE0E}.Debug|Any CPU.ActiveCfg = Debug|Any CPU
		{53A254D4-DC4A-4B08-A5A8-C8AA5D4FDE0E}.Debug|Any CPU.Build.0 = Debug|Any CPU
		{53A254D4-DC4A-4B08-A5A8-C8AA5D4FDE0E}.Release|Any CPU.ActiveCfg = Release|Any CPU
		{53A254D4-DC4A-4B08-A5A8-C8AA5D4FDE0E}.Release|Any CPU.Build.0 = Release|Any CPU
	EndGlobalSection
	GlobalSection(SolutionProperties) = preSolution
		HideSolutionNode = FALSE
	EndGlobalSection
	GlobalSection(ExtensibilityGlobals) = postSolution
		SolutionGuid = {56A7BC18-FC5D-4162-9206-F22A897FE287}
	EndGlobalSection
EndGlobal
